
Microsoft Visual Studio Solution File, Format Version 12.00
# Visual Studio 15
VisualStudioVersion = 15.0.28010.2003
MinimumVisualStudioVersion = 10.0.40219.1
Project("{FAE04EC0-301F-11D3-BF4B-00C04F79EFBC}") = "Examen2018", "Examen2018\Examen2018.csproj", "{DB09B7FA-2992-44A1-9FF5-86255DDDF337}"
EndProject
Global
	GlobalSection(SolutionConfigurationPlatforms) = preSolution
		Debug|Any CPU = Debug|Any CPU
		Release|Any CPU = Release|Any CPU
	EndGlobalSection
	GlobalSection(ProjectConfigurationPlatforms) = postSolution
		{DB09B7FA-2992-44A1-9FF5-86255DDDF337}.Debug|Any CPU.ActiveCfg = Debug|Any CPU
		{DB09B7FA-2992-44A1-9FF5-86255DDDF337}.Debug|Any CPU.Build.0 = Debug|Any CPU
		{DB09B7FA-2992-44A1-9FF5-86255DDDF337}.Release|Any CPU.ActiveCfg = Release|Any CPU
		{DB09B7FA-2992-44A1-9FF5-86255DDDF337}.Release|Any CPU.Build.0 = Release|Any CPU
	EndGlobalSection
	GlobalSection(SolutionProperties) = preSolution
		HideSolutionNode = FALSE
	EndGlobalSection
	GlobalSection(ExtensibilityGlobals) = postSolution
		SolutionGuid = {311AF9F8-DDF6-4CFE-BC01-0D273D804CF3}
	EndGlobalSection
EndGlobal
